
Microsoft Visual Studio Solution File, Format Version 12.00
# Visual Studio Version 16
VisualStudioVersion = 16.0.29926.136
MinimumVisualStudioVersion = 10.0.40219.1
Project("{FAE04EC0-301F-11D3-BF4B-00C04F79EFBC}") = "Ćwiczenia9", "Ćwiczenia9\Ćwiczenia9.csproj", "{0DD1078C-CF0B-468E-A5A4-2EAEB10ED1DD}"
EndProject
Global
	GlobalSection(SolutionConfigurationPlatforms) = preSolution
		Debug|Any CPU = Debug|Any CPU
		Release|Any CPU = Release|Any CPU
	EndGlobalSection
	GlobalSection(ProjectConfigurationPlatforms) = postSolution
		{0DD1078C-CF0B-468E-A5A4-2EAEB10ED1DD}.Debug|Any CPU.ActiveCfg = Debug|Any CPU
		{0DD1078C-CF0B-468E-A5A4-2EAEB10ED1DD}.Debug|Any CPU.Build.0 = Debug|Any CPU
		{0DD1078C-CF0B-468E-A5A4-2EAEB10ED1DD}.Release|Any CPU.ActiveCfg = Release|Any CPU
		{0DD1078C-CF0B-468E-A5A4-2EAEB10ED1DD}.Release|Any CPU.Build.0 = Release|Any CPU
	EndGlobalSection
	GlobalSection(SolutionProperties) = preSolution
		HideSolutionNode = FALSE
	EndGlobalSection
	GlobalSection(ExtensibilityGlobals) = postSolution
		SolutionGuid = {08E77A3F-D963-49C8-977A-BC9896756888}
	EndGlobalSection
EndGlobal
